
Microsoft Visual Studio Solution File, Format Version 12.00
# Visual Studio Version 16
VisualStudioVersion = 16.0.30406.217
MinimumVisualStudioVersion = 10.0.40219.1
Project("{FAE04EC0-301F-11D3-BF4B-00C04F79EFBC}") = "dabazeKlubu", "dabazeKlubu\dabazeKlubu.csproj", "{C01D91EF-4C95-451A-AB73-E66B9F66D385}"
EndProject
Global
	GlobalSection(SolutionConfigurationPlatforms) = preSolution
		Debug|Any CPU = Debug|Any CPU
		Release|Any CPU = Release|Any CPU
	EndGlobalSection
	GlobalSection(ProjectConfigurationPlatforms) = postSolution
		{C01D91EF-4C95-451A-AB73-E66B9F66D385}.Debug|Any CPU.ActiveCfg = Debug|Any CPU
		{C01D91EF-4C95-451A-AB73-E66B9F66D385}.Debug|Any CPU.Build.0 = Debug|Any CPU
		{C01D91EF-4C95-451A-AB73-E66B9F66D385}.Release|Any CPU.ActiveCfg = Release|Any CPU
		{C01D91EF-4C95-451A-AB73-E66B9F66D385}.Release|Any CPU.Build.0 = Release|Any CPU
	EndGlobalSection
	GlobalSection(SolutionProperties) = preSolution
		HideSolutionNode = FALSE
	EndGlobalSection
	GlobalSection(ExtensibilityGlobals) = postSolution
		SolutionGuid = {5B1282A6-81CF-4568-BDD8-2C5098B2005A}
	EndGlobalSection
EndGlobal
